{
  "name": "developers-blog-content-ja",
  "lockfileVersion": 2,
  "requires": true,
  "packages": {
    "": {
      "dependencies": {
        "zenn-cli": "^0.1.125"
      }
    },
    "node_modules/zenn-cli": {
      "version": "0.1.125",
      "resolved": "https://registry.npmjs.org/zenn-cli/-/zenn-cli-0.1.125.tgz",
      "integrity": "sha512-ChV53yyQOltSIAbp+yjNSuloFbwNjlQtp0YfnLzIpqlnV1bdj0QgJtTSvVoC1LGcfa4cDGciR5d/pu/Si2WCbw==",
      "bin": {
        "zenn": "dist/server/zenn.js"
      },
      "engines": {
        "node": ">=14.0.0"
      }
    }
  },
  "dependencies": {
    "zenn-cli": {
      "version": "0.1.125",
      "resolved": "https://registry.npmjs.org/zenn-cli/-/zenn-cli-0.1.125.tgz",
      "integrity": "sha512-ChV53yyQOltSIAbp+yjNSuloFbwNjlQtp0YfnLzIpqlnV1bdj0QgJtTSvVoC1LGcfa4cDGciR5d/pu/Si2WCbw=="
    }
  }
}
